
Microsoft Visual Studio Solution File, Format Version 12.00
# Visual Studio 2013
VisualStudioVersion = 12.0.0.0
MinimumVisualStudioVersion = 10.0.0.1
Project("{FAE04EC0-301F-11D3-BF4B-00C04F79EFBC}") = "OOP0015CompanyRoster", "OOP0015CompanyRoster/OOP0015CompanyRoster.csproj", "{3222B1A8-F4A7-483D-97D3-72904E5A30B4}"
EndProject
Global
	GlobalSection(SolutionConfigurationPlatforms) = preSolution
		Debug|Any CPU = Debug|Any CPU
		Release|Any CPU = Release|Any CPU
	EndGlobalSection
	GlobalSection(ProjectConfigurationPlatforms) = postSolution
		{3222B1A8-F4A7-483D-97D3-72904E5A30B4}.Debug|Any CPU.ActiveCfg = Debug|Any CPU
		{3222B1A8-F4A7-483D-97D3-72904E5A30B4}.Debug|Any CPU.Build.0 = Debug|Any CPU
		{3222B1A8-F4A7-483D-97D3-72904E5A30B4}.Release|Any CPU.ActiveCfg = Release|Any CPU
		{3222B1A8-F4A7-483D-97D3-72904E5A30B4}.Release|Any CPU.Build.0 = Release|Any CPU
	EndGlobalSection
	GlobalSection(SolutionProperties) = preSolution
		HideSolutionNode = FALSE
	EndGlobalSection
EndGlobal
