
Microsoft Visual Studio Solution File, Format Version 12.00
# Visual Studio 2013
VisualStudioVersion = 12.0.0.0
MinimumVisualStudioVersion = 10.0.0.1
Project("{FAE04EC0-301F-11D3-BF4B-00C04F79EFBC}") = "Stations.App", "Stations.App/Stations.App.csproj", "{167BC4B4-879D-49D1-8710-AC9C8189AE27}"
EndProject
Project("{FAE04EC0-301F-11D3-BF4B-00C04F79EFBC}") = "Stations.Data", "Stations.Data\Stations.Data.csproj", "{781E1C5A-6C9B-472E-B075-156DE54AA429}"
EndProject
Project("{FAE04EC0-301F-11D3-BF4B-00C04F79EFBC}") = "Stations.Models", "Stations.Models\Stations.Models.csproj", "{D1C864D1-E7FC-4B80-BEF7-6137825D3AF4}"
EndProject
Global
	GlobalSection(SolutionConfigurationPlatforms) = preSolution
		Debug|Any CPU = Debug|Any CPU
		Release|Any CPU = Release|Any CPU
	EndGlobalSection
	GlobalSection(ProjectConfigurationPlatforms) = postSolution
		{167BC4B4-879D-49D1-8710-AC9C8189AE27}.Debug|Any CPU.ActiveCfg = Debug|Any CPU
		{167BC4B4-879D-49D1-8710-AC9C8189AE27}.Debug|Any CPU.Build.0 = Debug|Any CPU
		{167BC4B4-879D-49D1-8710-AC9C8189AE27}.Release|Any CPU.ActiveCfg = Release|Any CPU
		{167BC4B4-879D-49D1-8710-AC9C8189AE27}.Release|Any CPU.Build.0 = Release|Any CPU
		{781E1C5A-6C9B-472E-B075-156DE54AA429}.Debug|Any CPU.ActiveCfg = Debug|Any CPU
		{781E1C5A-6C9B-472E-B075-156DE54AA429}.Debug|Any CPU.Build.0 = Debug|Any CPU
		{781E1C5A-6C9B-472E-B075-156DE54AA429}.Release|Any CPU.ActiveCfg = Release|Any CPU
		{781E1C5A-6C9B-472E-B075-156DE54AA429}.Release|Any CPU.Build.0 = Release|Any CPU
		{D1C864D1-E7FC-4B80-BEF7-6137825D3AF4}.Debug|Any CPU.ActiveCfg = Debug|Any CPU
		{D1C864D1-E7FC-4B80-BEF7-6137825D3AF4}.Debug|Any CPU.Build.0 = Debug|Any CPU
		{D1C864D1-E7FC-4B80-BEF7-6137825D3AF4}.Release|Any CPU.ActiveCfg = Release|Any CPU
		{D1C864D1-E7FC-4B80-BEF7-6137825D3AF4}.Release|Any CPU.Build.0 = Release|Any CPU
	EndGlobalSection
	GlobalSection(SolutionProperties) = preSolution
		HideSolutionNode = FALSE
	EndGlobalSection
EndGlobal
