
Microsoft Visual Studio Solution File, Format Version 12.00
# Visual Studio 2013
VisualStudioVersion = 12.0.0.0
MinimumVisualStudioVersion = 10.0.0.1
Project("{FAE04EC0-301F-11D3-BF4B-00C04F79EFBC}") = "P01BillsPaymentSystem.App", "P01 BillsPaymentSystem.App/P01 BillsPaymentSystem.App.csproj", "{4BDADA9B-083B-4575-AD7C-1A58B87D146D}"
EndProject
Project("{FAE04EC0-301F-11D3-BF4B-00C04F79EFBC}") = "P01 BillsPaymentSystem.Data", "P01 BillsPaymentSystem.Data\P01 BillsPaymentSystem.Data.csproj", "{E85CDF53-3B61-4F94-ABDD-09E3C3F6D41C}"
EndProject
Project("{FAE04EC0-301F-11D3-BF4B-00C04F79EFBC}") = "P01 BillsPaymentSystem.Data.Models", "P01 BillsPaymentSystem.Data.Models\P01 BillsPaymentSystem.Data.Models.csproj", "{3740CC50-3E82-4135-97FD-B552E650A432}"
EndProject
Global
	GlobalSection(SolutionConfigurationPlatforms) = preSolution
		Debug|Any CPU = Debug|Any CPU
		Release|Any CPU = Release|Any CPU
	EndGlobalSection
	GlobalSection(ProjectConfigurationPlatforms) = postSolution
		{4BDADA9B-083B-4575-AD7C-1A58B87D146D}.Debug|Any CPU.ActiveCfg = Debug|Any CPU
		{4BDADA9B-083B-4575-AD7C-1A58B87D146D}.Debug|Any CPU.Build.0 = Debug|Any CPU
		{4BDADA9B-083B-4575-AD7C-1A58B87D146D}.Release|Any CPU.ActiveCfg = Release|Any CPU
		{4BDADA9B-083B-4575-AD7C-1A58B87D146D}.Release|Any CPU.Build.0 = Release|Any CPU
		{E85CDF53-3B61-4F94-ABDD-09E3C3F6D41C}.Debug|Any CPU.ActiveCfg = Debug|Any CPU
		{E85CDF53-3B61-4F94-ABDD-09E3C3F6D41C}.Debug|Any CPU.Build.0 = Debug|Any CPU
		{E85CDF53-3B61-4F94-ABDD-09E3C3F6D41C}.Release|Any CPU.ActiveCfg = Release|Any CPU
		{E85CDF53-3B61-4F94-ABDD-09E3C3F6D41C}.Release|Any CPU.Build.0 = Release|Any CPU
		{3740CC50-3E82-4135-97FD-B552E650A432}.Debug|Any CPU.ActiveCfg = Debug|Any CPU
		{3740CC50-3E82-4135-97FD-B552E650A432}.Debug|Any CPU.Build.0 = Debug|Any CPU
		{3740CC50-3E82-4135-97FD-B552E650A432}.Release|Any CPU.ActiveCfg = Release|Any CPU
		{3740CC50-3E82-4135-97FD-B552E650A432}.Release|Any CPU.Build.0 = Release|Any CPU
	EndGlobalSection
	GlobalSection(SolutionProperties) = preSolution
		HideSolutionNode = FALSE
	EndGlobalSection
EndGlobal
