
Microsoft Visual Studio Solution File, Format Version 12.00
# Visual Studio 2013
VisualStudioVersion = 12.0.0.0
MinimumVisualStudioVersion = 10.0.0.1
Project("{FAE04EC0-301F-11D3-BF4B-00C04F79EFBC}") = "ProductShop.Models", "ProductShop.Models/ProductShop.Models.csproj", "{6418CFA1-0D3E-48A4-988C-6B0C03DA151F}"
EndProject
Project("{FAE04EC0-301F-11D3-BF4B-00C04F79EFBC}") = "ProductShop.Data", "ProductShop.Data\ProductShop.Data.csproj", "{BC9A2A8E-7145-4108-AEDE-FF7C8A1C6953}"
EndProject
Project("{FAE04EC0-301F-11D3-BF4B-00C04F79EFBC}") = "ProductShop.App", "ProductShop.App\ProductShop.App.csproj", "{27D487BC-EA8E-4FE3-82BE-6EAB19F68AE7}"
EndProject
Global
	GlobalSection(SolutionConfigurationPlatforms) = preSolution
		Debug|Any CPU = Debug|Any CPU
		Release|Any CPU = Release|Any CPU
	EndGlobalSection
	GlobalSection(ProjectConfigurationPlatforms) = postSolution
		{6418CFA1-0D3E-48A4-988C-6B0C03DA151F}.Debug|Any CPU.ActiveCfg = Debug|Any CPU
		{6418CFA1-0D3E-48A4-988C-6B0C03DA151F}.Debug|Any CPU.Build.0 = Debug|Any CPU
		{6418CFA1-0D3E-48A4-988C-6B0C03DA151F}.Release|Any CPU.ActiveCfg = Release|Any CPU
		{6418CFA1-0D3E-48A4-988C-6B0C03DA151F}.Release|Any CPU.Build.0 = Release|Any CPU
		{BC9A2A8E-7145-4108-AEDE-FF7C8A1C6953}.Debug|Any CPU.ActiveCfg = Debug|Any CPU
		{BC9A2A8E-7145-4108-AEDE-FF7C8A1C6953}.Debug|Any CPU.Build.0 = Debug|Any CPU
		{BC9A2A8E-7145-4108-AEDE-FF7C8A1C6953}.Release|Any CPU.ActiveCfg = Release|Any CPU
		{BC9A2A8E-7145-4108-AEDE-FF7C8A1C6953}.Release|Any CPU.Build.0 = Release|Any CPU
		{27D487BC-EA8E-4FE3-82BE-6EAB19F68AE7}.Debug|Any CPU.ActiveCfg = Debug|Any CPU
		{27D487BC-EA8E-4FE3-82BE-6EAB19F68AE7}.Debug|Any CPU.Build.0 = Debug|Any CPU
		{27D487BC-EA8E-4FE3-82BE-6EAB19F68AE7}.Release|Any CPU.ActiveCfg = Release|Any CPU
		{27D487BC-EA8E-4FE3-82BE-6EAB19F68AE7}.Release|Any CPU.Build.0 = Release|Any CPU
	EndGlobalSection
	GlobalSection(SolutionProperties) = preSolution
		HideSolutionNode = FALSE
	EndGlobalSection
EndGlobal
